{
  "name": "ws",
  "requires": true,
  "lockfileVersion": 1,
  "dependencies": {
    "@tinyhttp/accepts": {
      "version": "0.4.3",
      "resolved": "https://registry.npmjs.org/@tinyhttp/accepts/-/accepts-0.4.3.tgz",
      "integrity": "sha512-tDf9mrCsu6s5xWY73fJ4+qdV/oKaDuWApHWRuM0fNOxvPJMW6w0V6ZeKgBUGQxBxMBcan0wi/xiqCl/LzoUIug==",
      "requires": {
        "es-mime-types": "^0.0.16",
        "negotiator": "^0.6.2"
      }
    },
    "@tinyhttp/app": {
      "version": "0.4.15",
      "resolved": "https://registry.npmjs.org/@tinyhttp/app/-/app-0.4.15.tgz",
      "integrity": "sha512-MTkyatAg9SDtsHc9l1bs2y9+XFZkrkBst/joOrnpgHfJbiAB7nUM5T1JC/Pq5EeEP/oBM8OSFj5tvZ+iVdfvbw==",
      "requires": {
        "@tinyhttp/cookie": "0.4.1",
        "@tinyhttp/req": "0.4.3",
        "@tinyhttp/res": "0.4.7",
        "@tinyhttp/router": "0.4.1",
        "proxy-addr": "^2.0.6"
      }
    },
    "@tinyhttp/content-disposition": {
      "version": "0.4.1",
      "resolved": "https://registry.npmjs.org/@tinyhttp/content-disposition/-/content-disposition-0.4.1.tgz",
      "integrity": "sha512-OTukCD+dGJN9r+NDXKmTmUche2FuMEzHJ7rYiCBBEiAEhwyqjbWv0vLjnH1qMQA1kA6c7wcZdT/Kpd9mXV6Fhg=="
    },
    "@tinyhttp/cookie": {
      "version": "0.4.1",
      "resolved": "https://registry.npmjs.org/@tinyhttp/cookie/-/cookie-0.4.1.tgz",
      "integrity": "sha512-FF0vn2VB58wCYxbDS7dLKFb98UT7JtNLspBQvoUQBa60QYqLP+BEdFMmijQC1VEimKdu28XJlzAQgtkA8iUgUg=="
    },
    "@tinyhttp/cookie-signature": {
      "version": "0.4.1",
      "resolved": "https://registry.npmjs.org/@tinyhttp/cookie-signature/-/cookie-signature-0.4.1.tgz",
      "integrity": "sha512-wfWyIlzzcIRQUYmYD7waYVLQtcgyYTl7FrUuhUWVRqng54feScNAvETuLh5F1u/CwrtifxOVsF8NHCsKctJVbA=="
    },
    "@tinyhttp/etag": {
      "version": "0.4.1",
      "resolved": "https://registry.npmjs.org/@tinyhttp/etag/-/etag-0.4.1.tgz",
      "integrity": "sha512-fT27hMVPQsvhjT8vh47pUDtuVe0qw5nDNoL0Q011WLobBcefzyJjRE0I7o0Ere41ZfFzwJdAWEQW8L2R9GWSYA=="
    },
    "@tinyhttp/req": {
      "version": "0.4.3",
      "resolved": "https://registry.npmjs.org/@tinyhttp/req/-/req-0.4.3.tgz",
      "integrity": "sha512-JRxYdJfCnaZ66JLjwNuIgMLzvrFUHcnS1lFTX6SBqCQNfd6e+p5T3E7F+ABOt+xy+unXnufME4ehKErKc5fVTg==",
      "requires": {
        "@tinyhttp/accepts": "0.4.3",
        "@tinyhttp/type-is": "0.4.1",
        "@tinyhttp/url": "0.4.1",
        "es-fresh": "^0.0.8",
        "range-parser": "^1.2.1"
      }
    },
    "@tinyhttp/res": {
      "version": "0.4.7",
      "resolved": "https://registry.npmjs.org/@tinyhttp/res/-/res-0.4.7.tgz",
      "integrity": "sha512-CXUgXNOT0A8KoF0qJdjyLXEoE+wTjY4EBKgKNIeZZBYZtAmeCpXI4qzWdjeWwuVYB5MwzFbcoHXEkqbpsvVHPA==",
      "requires": {
        "@tinyhttp/content-disposition": "^0.4.1",
        "@tinyhttp/cookie": "0.4.1",
        "@tinyhttp/cookie-signature": "0.4.1",
        "@tinyhttp/req": "0.4.3",
        "@tinyhttp/send": "0.4.4",
        "es-mime-types": "^0.0.16",
        "es-vary": "^0.0.7",
        "escape-html": "^1.0.3"
      }
    },
    "@tinyhttp/router": {
      "version": "0.4.1",
      "resolved": "https://registry.npmjs.org/@tinyhttp/router/-/router-0.4.1.tgz",
      "integrity": "sha512-FkC+UfdLwv3tNE6idG4ajYMr3S+btZYHf6sPL5rLrnU8JH7YrxPlRNoARRSitJaDrPifkbmkzYsy34pRoeVPtQ=="
    },
    "@tinyhttp/send": {
      "version": "0.4.4",
      "resolved": "https://registry.npmjs.org/@tinyhttp/send/-/send-0.4.4.tgz",
      "integrity": "sha512-gAjX5Np1mndPVavypo9U6FVSlp+bdZctyQC9NsmnafxZVEroT2OlqjrSYq+pcQbSR5r1NV35hvcshrR35Rn4gQ==",
      "requires": {
        "@tinyhttp/etag": "0.4.1",
        "es-content-type": "^0.0.10",
        "es-mime-types": "^0.0.16"
      }
    },
    "@tinyhttp/type-is": {
      "version": "0.4.1",
      "resolved": "https://registry.npmjs.org/@tinyhttp/type-is/-/type-is-0.4.1.tgz",
      "integrity": "sha512-C0t+yW97HFGL3tmkR9xGOEITA4uf4RmlgpwF7d6eSjNdLCAufa/eMfLUaCHE+CVAE2yNFtZqCytN6VQxUyFY0g==",
      "requires": {
        "es-mime-types": "^0.0.16",
        "media-typer": "^1.1.0"
      }
    },
    "@tinyhttp/url": {
      "version": "0.4.1",
      "resolved": "https://registry.npmjs.org/@tinyhttp/url/-/url-0.4.1.tgz",
      "integrity": "sha512-NYc9P5hQ04ZHTlsckGYn6j8WQsYOwooplENnZAaxYDOdNtHqWjhmJr98mkP8Yj+OyhlrfQVb1cmqCpwclr82oQ==",
      "requires": {
        "regexparam": "^1.3.0"
      }
    },
    "es-content-type": {
      "version": "0.0.10",
      "resolved": "https://registry.npmjs.org/es-content-type/-/es-content-type-0.0.10.tgz",
      "integrity": "sha512-yCgcv1M2IuFUoGZ3zE4OR2INGmZOwEuyaE5WX4MOKGpJcO8JXgVOIcXVicwnTqlxvx6qs9IJGl/Rr1+YtCkRgg=="
    },
    "es-fresh": {
      "version": "0.0.8",
      "resolved": "https://registry.npmjs.org/es-fresh/-/es-fresh-0.0.8.tgz",
      "integrity": "sha512-ZM+K/T/zHJVuOhaz19iymidACazB1fl2uihBtSfRie8YzN1YM+KldVmNaU+GSmVvTOPSO2utKOhxcOinr5tKjw=="
    },
    "es-mime-types": {
      "version": "0.0.16",
      "resolved": "https://registry.npmjs.org/es-mime-types/-/es-mime-types-0.0.16.tgz",
      "integrity": "sha512-84QoSLeA7cdTeHpALFNl3ZOstXfvLt426/kaOgmSxmNUOhi4GesKVkhJgIfnsqGNziYezVA8rvZUsXj7oWX2qQ==",
      "requires": {
        "mime-db": "^1.44.0"
      }
    },
    "es-vary": {
      "version": "0.0.7",
      "resolved": "https://registry.npmjs.org/es-vary/-/es-vary-0.0.7.tgz",
      "integrity": "sha512-1L1nS8bQLo7cwPldRinpHfXFIsGDvHJ5LUdhlnprSAZz7F5xxtoJGAQZCpVQdKBpQMv9AKchwHuMIu85o0Z2Aw=="
    },
    "escape-html": {
      "version": "1.0.3",
      "resolved": "https://registry.npmjs.org/escape-html/-/escape-html-1.0.3.tgz",
      "integrity": "sha1-Aljq5NPQwJdN4cFpGI7wBR0dGYg="
    },
    "forwarded": {
      "version": "0.1.2",
      "resolved": "https://registry.npmjs.org/forwarded/-/forwarded-0.1.2.tgz",
      "integrity": "sha1-mMI9qxF1ZXuMBXPozszZGw/xjIQ="
    },
    "ipaddr.js": {
      "version": "1.9.1",
      "resolved": "https://registry.npmjs.org/ipaddr.js/-/ipaddr.js-1.9.1.tgz",
      "integrity": "sha512-0KI/607xoxSToH7GjN1FfSbLoU0+btTicjsQSWQlh/hZykN8KpmMf7uYwPW3R+akZ6R/w18ZlXSHBYXiYUPO3g=="
    },
    "media-typer": {
      "version": "1.1.0",
      "resolved": "https://registry.npmjs.org/media-typer/-/media-typer-1.1.0.tgz",
      "integrity": "sha512-aisnrDP4GNe06UcKFnV5bfMNPBUw4jsLGaWwWfnH3v02GnBuXX2MCVn5RbrWo0j3pczUilYblq7fQ7Nw2t5XKw=="
    },
    "mime-db": {
      "version": "1.45.0",
      "resolved": "https://registry.npmjs.org/mime-db/-/mime-db-1.45.0.tgz",
      "integrity": "sha512-CkqLUxUk15hofLoLyljJSrukZi8mAtgd+yE5uO4tqRZsdsAJKv0O+rFMhVDRJgozy+yG6md5KwuXhD4ocIoP+w=="
    },
    "negotiator": {
      "version": "0.6.2",
      "resolved": "https://registry.npmjs.org/negotiator/-/negotiator-0.6.2.tgz",
      "integrity": "sha512-hZXc7K2e+PgeI1eDBe/10Ard4ekbfrrqG8Ep+8Jmf4JID2bNg7NvCPOZN+kfF574pFQI7mum2AUqDidoKqcTOw=="
    },
    "proxy-addr": {
      "version": "2.0.6",
      "resolved": "https://registry.npmjs.org/proxy-addr/-/proxy-addr-2.0.6.tgz",
      "integrity": "sha512-dh/frvCBVmSsDYzw6n926jv974gddhkFPfiN8hPOi30Wax25QZyZEGveluCgliBnqmuM+UJmBErbAUFIoDbjOw==",
      "requires": {
        "forwarded": "~0.1.2",
        "ipaddr.js": "1.9.1"
      }
    },
    "range-parser": {
      "version": "1.2.1",
      "resolved": "https://registry.npmjs.org/range-parser/-/range-parser-1.2.1.tgz",
      "integrity": "sha512-Hrgsx+orqoygnmhFbKaHE6c296J+HTAQXoxEF6gNupROmmGJRoyzfG3ccAveqCBrwr/2yxQ5BVd/GTl5agOwSg=="
    },
    "regexparam": {
      "version": "1.3.0",
      "resolved": "https://registry.npmjs.org/regexparam/-/regexparam-1.3.0.tgz",
      "integrity": "sha512-6IQpFBv6e5vz1QAqI+V4k8P2e/3gRrqfCJ9FI+O1FLQTO+Uz6RXZEZOPmTJ6hlGj7gkERzY5BRCv09whKP96/g=="
    },
    "ws": {
      "version": "7.3.1",
      "resolved": "https://registry.npmjs.org/ws/-/ws-7.3.1.tgz",
      "integrity": "sha512-D3RuNkynyHmEJIpD2qrgVkc9DQ23OrN/moAwZX4L8DfvszsJxpjQuUq3LMx6HoYji9fbIOBY18XWBsAux1ZZUA=="
    }
  }
}
